PODS:
  - Charts (3.3.0):
    - Charts/Core (= 3.3.0)
  - Charts/Core (3.3.0)
  - FSCalendar (2.8.0)

DEPENDENCIES:
  - Charts
  - FSCalendar

SPEC REPOS:
  https://github.com/cocoapods/specs.git:
    - Charts
    - FSCalendar

SPEC CHECKSUMS:
  Charts: e0dd4cd8f257bccf98407b58183ddca8e8d5b578
  FSCalendar: 3a5ed3636e2ba1b83ebebfcf0c2603105a6f5efe

PODFILE CHECKSUM: 95541e0d4da42763d707293902243aac7116c009

COCOAPODS: 1.5.2
