// !$*UTF8*$!
{
	archiveVersion = 1;
	classes = {
	};
	objectVersion = 50;
	objects = {

/* Begin PBXBuildFile section */
		6A2C61A922B331FF006B21AA /* AppDelegate.swift in Sources */ = {isa = PBXBuildFile; fileRef = 6A2C61A822B331FF006B21AA /* AppDelegate.swift */; };
		6A2C61AB22B331FF006B21AA /* HomeHealthPostVC.swift in Sources */ = {isa = PBXBuildFile; fileRef = 6A2C61AA22B331FF006B21AA /* HomeHealthPostVC.swift */; };
		6A2C61AE22B331FF006B21AA /* Main.storyboard in Resources */ = {isa = PBXBuildFile; fileRef = 6A2C61AC22B331FF006B21AA /* Main.storyboard */; };
		6A2C61B122B331FF006B21AA /* HealthTodayApp.xcdatamodeld in Sources */ = {isa = PBXBuildFile; fileRef = 6A2C61AF22B331FF006B21AA /* HealthTodayApp.xcdatamodeld */; };
		6A2C61B322B33206006B21AA /* Assets.xcassets in Resources */ = {isa = PBXBuildFile; fileRef = 6A2C61B222B33206006B21AA /* Assets.xcassets */; };
		6A2C61B622B33206006B21AA /* LaunchScreen.storyboard in Resources */ = {isa = PBXBuildFile; fileRef = 6A2C61B422B33206006B21AA /* LaunchScreen.storyboard */; };
		6A82A42F22B421EC00056ADA /* CardView.swift in Sources */ = {isa = PBXBuildFile; fileRef = 6A82A42E22B421EC00056ADA /* CardView.swift */; };
		6A82A43322B4243300056ADA /* CoreDataStackClass.swift in Sources */ = {isa = PBXBuildFile; fileRef = 6A82A43222B4243300056ADA /* CoreDataStackClass.swift */; };
		6A82A43622B4286C00056ADA /* DataService.swift in Sources */ = {isa = PBXBuildFile; fileRef = 6A82A43522B4286C00056ADA /* DataService.swift */; };
		6A82A43B22B42AC800056ADA /* ColorService.swift in Sources */ = {isa = PBXBuildFile; fileRef = 6A82A43A22B42AC800056ADA /* ColorService.swift */; };
		6A82A43E22B42B4900056ADA /* NoteTableViewCell.swift in Sources */ = {isa = PBXBuildFile; fileRef = 6A82A43D22B42B4900056ADA /* NoteTableViewCell.swift */; };
		6A82A44122B42DF900056ADA /* SelectedSegmentPostType.swift in Sources */ = {isa = PBXBuildFile; fileRef = 6A82A44022B42DF900056ADA /* SelectedSegmentPostType.swift */; };
		6A82A44322B561D200056ADA /* CalendarVC.swift in Sources */ = {isa = PBXBuildFile; fileRef = 6A82A44222B561D200056ADA /* CalendarVC.swift */; };
		6A82A44522B562B400056ADA /* CreateNoteVC.swift in Sources */ = {isa = PBXBuildFile; fileRef = 6A82A44422B562B400056ADA /* CreateNoteVC.swift */; };
		99009BC13F700ED33818AB6B /* Pods_HealthTodayApp.framework in Frameworks */ = {isa = PBXBuildFile; fileRef = C2BA1B2F4F9E44C3E66C9A4E /* Pods_HealthTodayApp.framework */; };
/* End PBXBuildFile section */

/* Begin PBXFileReference section */
		1086D036800A7257034C0BC3 /* Pods-HealthTodayApp.release.xcconfig */ = {isa = PBXFileReference; includeInIndex = 1; lastKnownFileType = text.xcconfig; name = "Pods-HealthTodayApp.release.xcconfig"; path = "Pods/Target Support Files/Pods-HealthTodayApp/Pods-HealthTodayApp.release.xcconfig"; sourceTree = "<group>"; };
		37E94AFCC07D22D30746A83B /* Pods-HealthTodayApp.debug.xcconfig */ = {isa = PBXFileReference; includeInIndex = 1; lastKnownFileType = text.xcconfig; name = "Pods-HealthTodayApp.debug.xcconfig"; path = "Pods/Target Support Files/Pods-HealthTodayApp/Pods-HealthTodayApp.debug.xcconfig"; sourceTree = "<group>"; };
		6A2C61A522B331FF006B21AA /* HealthTodayApp.app */ = {isa = PBXFileReference; explicitFileType = wrapper.application; includeInIndex = 0; path = HealthTodayApp.app; sourceTree = BUILT_PRODUCTS_DIR; };
		6A2C61A822B331FF006B21AA /* AppDelegate.swift */ = {isa = PBXFileReference; lastKnownFileType = sourcecode.swift; path = AppDelegate.swift; sourceTree = "<group>"; };
		6A2C61AA22B331FF006B21AA /* HomeHealthPostVC.swift */ = {isa = PBXFileReference; lastKnownFileType = sourcecode.swift; path = HomeHealthPostVC.swift; sourceTree = "<group>"; };
		6A2C61AD22B331FF006B21AA /* Base */ = {isa = PBXFileReference; lastKnownFileType = file.storyboard; name = Base; path = Base.lproj/Main.storyboard; sourceTree = "<group>"; };
		6A2C61B022B331FF006B21AA /* HealthTodayApp.xcdatamodel */ = {isa = PBXFileReference; lastKnownFileType = wrapper.xcdatamodel; path = HealthTodayApp.xcdatamodel; sourceTree = "<group>"; };
		6A2C61B222B33206006B21AA /* Assets.xcassets */ = {isa = PBXFileReference; lastKnownFileType = folder.assetcatalog; path = Assets.xcassets; sourceTree = "<group>"; };
		6A2C61B522B33206006B21AA /* Base */ = {isa = PBXFileReference; lastKnownFileType = file.storyboard; name = Base; path = Base.lproj/LaunchScreen.storyboard; sourceTree = "<group>"; };
		6A2C61B722B33206006B21AA /* Info.plist */ = {isa = PBXFileReference; lastKnownFileType = text.plist.xml; path = Info.plist; sourceTree = "<group>"; };
		6A82A42E22B421EC00056ADA /* CardView.swift */ = {isa = PBXFileReference; lastKnownFileType = sourcecode.swift; path = CardView.swift; sourceTree = "<group>"; };
		6A82A43222B4243300056ADA /* CoreDataStackClass.swift */ = {isa = PBXFileReference; lastKnownFileType = sourcecode.swift; path = CoreDataStackClass.swift; sourceTree = "<group>"; };
		6A82A43522B4286C00056ADA /* DataService.swift */ = {isa = PBXFileReference; lastKnownFileType = sourcecode.swift; path = DataService.swift; sourceTree = "<group>"; };
		6A82A43A22B42AC800056ADA /* ColorService.swift */ = {isa = PBXFileReference; lastKnownFileType = sourcecode.swift; path = ColorService.swift; sourceTree = "<group>"; };
		6A82A43D22B42B4900056ADA /* NoteTableViewCell.swift */ = {isa = PBXFileReference; lastKnownFileType = sourcecode.swift; path = NoteTableViewCell.swift; sourceTree = "<group>"; };
		6A82A44022B42DF900056ADA /* SelectedSegmentPostType.swift */ = {isa = PBXFileReference; lastKnownFileType = sourcecode.swift; path = SelectedSegmentPostType.swift; sourceTree = "<group>"; };
		6A82A44222B561D200056ADA /* CalendarVC.swift */ = {isa = PBXFileReference; lastKnownFileType = sourcecode.swift; path = CalendarVC.swift; sourceTree = "<group>"; };
		6A82A44422B562B400056ADA /* CreateNoteVC.swift */ = {isa = PBXFileReference; lastKnownFileType = sourcecode.swift; path = CreateNoteVC.swift; sourceTree = "<group>"; };
		C2BA1B2F4F9E44C3E66C9A4E /* Pods_HealthTodayApp.framework */ = {isa = PBXFileReference; explicitFileType = wrapper.framework; includeInIndex = 0; path = Pods_HealthTodayApp.framework; sourceTree = BUILT_PRODUCTS_DIR; };
/* End PBXFileReference section */

/* Begin PBXFrameworksBuildPhase section */
		6A2C61A222B331FF006B21AA /* Frameworks */ = {
			isa = PBXFrameworksBuildPhase;
			buildActionMask = 2147483647;
			files = (
				99009BC13F700ED33818AB6B /* Pods_HealthTodayApp.framework in Frameworks */,
			);
			runOnlyForDeploymentPostprocessing = 0;
		};
/* End PBXFrameworksBuildPhase section */

/* Begin PBXGroup section */
		6A2C619C22B331FF006B21AA = {
			isa = PBXGroup;
			children = (
				6A82A43F22B42DCA00056ADA /* SelectedSegmentTypes */,
				6A82A43C22B42B2700056ADA /* TableVIewCell */,
				6A82A43422B4284900056ADA /* DataService */,
				6A82A43122B423FC00056ADA /* CoreDataStack */,
				6A2C61A722B331FF006B21AA /* HealthTodayApp */,
				6A2C61A622B331FF006B21AA /* Products */,
				923E0C75E9D1CEBA1D2A3981 /* Pods */,
				6FD6A63A066265847DEF9F80 /* Frameworks */,
			);
			sourceTree = "<group>";
		};
		6A2C61A622B331FF006B21AA /* Products */ = {
			isa = PBXGroup;
			children = (
				6A2C61A522B331FF006B21AA /* HealthTodayApp.app */,
			);
			name = Products;
			sourceTree = "<group>";
		};
		6A2C61A722B331FF006B21AA /* HealthTodayApp */ = {
			isa = PBXGroup;
			children = (
				6A2C61A822B331FF006B21AA /* AppDelegate.swift */,
				6A82A42D22B421CA00056ADA /* DesignService */,
				6A82A43022B4227E00056ADA /* Controller */,
				6A2C61AC22B331FF006B21AA /* Main.storyboard */,
				6A2C61B222B33206006B21AA /* Assets.xcassets */,
				6A2C61B422B33206006B21AA /* LaunchScreen.storyboard */,
				6A2C61B722B33206006B21AA /* Info.plist */,
				6A2C61AF22B331FF006B21AA /* HealthTodayApp.xcdatamodeld */,
			);
			path = HealthTodayApp;
			sourceTree = "<group>";
		};
		6A82A42D22B421CA00056ADA /* DesignService */ = {
			isa = PBXGroup;
			children = (
				6A82A42E22B421EC00056ADA /* CardView.swift */,
				6A82A43A22B42AC800056ADA /* ColorService.swift */,
			);
			path = DesignService;
			sourceTree = "<group>";
		};
		6A82A43022B4227E00056ADA /* Controller */ = {
			isa = PBXGroup;
			children = (
				6A2C61AA22B331FF006B21AA /* HomeHealthPostVC.swift */,
				6A82A44222B561D200056ADA /* CalendarVC.swift */,
				6A82A44422B562B400056ADA /* CreateNoteVC.swift */,
			);
			path = Controller;
			sourceTree = "<group>";
		};
		6A82A43122B423FC00056ADA /* CoreDataStack */ = {
			isa = PBXGroup;
			children = (
				6A82A43222B4243300056ADA /* CoreDataStackClass.swift */,
			);
			path = CoreDataStack;
			sourceTree = "<group>";
		};
		6A82A43422B4284900056ADA /* DataService */ = {
			isa = PBXGroup;
			children = (
				6A82A43522B4286C00056ADA /* DataService.swift */,
			);
			path = DataService;
			sourceTree = "<group>";
		};
		6A82A43C22B42B2700056ADA /* TableVIewCell */ = {
			isa = PBXGroup;
			children = (
				6A82A43D22B42B4900056ADA /* NoteTableViewCell.swift */,
			);
			path = TableVIewCell;
			sourceTree = "<group>";
		};
		6A82A43F22B42DCA00056ADA /* SelectedSegmentTypes */ = {
			isa = PBXGroup;
			children = (
				6A82A44022B42DF900056ADA /* SelectedSegmentPostType.swift */,
			);
			path = SelectedSegmentTypes;
			sourceTree = "<group>";
		};
		6FD6A63A066265847DEF9F80 /* Frameworks */ = {
			isa = PBXGroup;
			children = (
				C2BA1B2F4F9E44C3E66C9A4E /* Pods_HealthTodayApp.framework */,
			);
			name = Frameworks;
			sourceTree = "<group>";
		};
		923E0C75E9D1CEBA1D2A3981 /* Pods */ = {
			isa = PBXGroup;
			children = (
				37E94AFCC07D22D30746A83B /* Pods-HealthTodayApp.debug.xcconfig */,
				1086D036800A7257034C0BC3 /* Pods-HealthTodayApp.release.xcconfig */,
			);
			name = Pods;
			sourceTree = "<group>";
		};
/* End PBXGroup section */

/* Begin PBXNativeTarget section */
		6A2C61A422B331FF006B21AA /* HealthTodayApp */ = {
			isa = PBXNativeTarget;
			buildConfigurationList = 6A2C61BA22B33206006B21AA /* Build configuration list for PBXNativeTarget "HealthTodayApp" */;
			buildPhases = (
				C80D29EAEB352497B83A52E9 /* [CP] Check Pods Manifest.lock */,
				6A2C61A122B331FF006B21AA /* Sources */,
				6A2C61A222B331FF006B21AA /* Frameworks */,
				6A2C61A322B331FF006B21AA /* Resources */,
				CD8BA31463170C32651BA44F /* [CP] Embed Pods Frameworks */,
			);
			buildRules = (
			);
			dependencies = (
			);
			name = HealthTodayApp;
			productName = HealthTodayApp;
			productReference = 6A2C61A522B331FF006B21AA /* HealthTodayApp.app */;
			productType = "com.apple.product-type.application";
		};
/* End PBXNativeTarget section */

/* Begin PBXProject section */
		6A2C619D22B331FF006B21AA /* Project object */ = {
			isa = PBXProject;
			attributes = {
				LastSwiftUpdateCheck = 1020;
				LastUpgradeCheck = 1020;
				ORGANIZATIONNAME = Malkhasyan;
				TargetAttributes = {
					6A2C61A422B331FF006B21AA = {
						CreatedOnToolsVersion = 10.2.1;
					};
				};
			};
			buildConfigurationList = 6A2C61A022B331FF006B21AA /* Build configuration list for PBXProject "HealthTodayApp" */;
			compatibilityVersion = "Xcode 9.3";
			developmentRegion = en;
			hasScannedForEncodings = 0;
			knownRegions = (
				en,
				Base,
			);
			mainGroup = 6A2C619C22B331FF006B21AA;
			productRefGroup = 6A2C61A622B331FF006B21AA /* Products */;
			projectDirPath = "";
			projectRoot = "";
			targets = (
				6A2C61A422B331FF006B21AA /* HealthTodayApp */,
			);
		};
/* End PBXProject section */

/* Begin PBXResourcesBuildPhase section */
		6A2C61A322B331FF006B21AA /* Resources */ = {
			isa = PBXResourcesBuildPhase;
			buildActionMask = 2147483647;
			files = (
				6A2C61B622B33206006B21AA /* LaunchScreen.storyboard in Resources */,
				6A2C61B322B33206006B21AA /* Assets.xcassets in Resources */,
				6A2C61AE22B331FF006B21AA /* Main.storyboard in Resources */,
			);
			runOnlyForDeploymentPostprocessing = 0;
		};
/* End PBXResourcesBuildPhase section */

/* Begin PBXShellScriptBuildPhase section */
		C80D29EAEB352497B83A52E9 /* [CP] Check Pods Manifest.lock */ = {
			isa = PBXShellScriptBuildPhase;
			buildActionMask = 2147483647;
			files = (
			);
			inputPaths = (
				"${PODS_PODFILE_DIR_PATH}/Podfile.lock",
				"${PODS_ROOT}/Manifest.lock",
			);
			name = "[CP] Check Pods Manifest.lock";
			outputPaths = (
				"$(DERIVED_FILE_DIR)/Pods-HealthTodayApp-checkManifestLockResult.txt",
			);
			runOnlyForDeploymentPostprocessing = 0;
			shellPath = /bin/sh;
			shellScript = "diff \"${PODS_PODFILE_DIR_PATH}/Podfile.lock\" \"${PODS_ROOT}/Manifest.lock\" > /dev/null\nif [ $? != 0 ] ; then\n    # print error to STDERR\n    echo \"error: The sandbox is not in sync with the Podfile.lock. Run 'pod install' or update your CocoaPods installation.\" >&2\n    exit 1\nfi\n# This output is used by Xcode 'outputs' to avoid re-running this script phase.\necho \"SUCCESS\" > \"${SCRIPT_OUTPUT_FILE_0}\"\n";
			showEnvVarsInLog = 0;
		};
		CD8BA31463170C32651BA44F /* [CP] Embed Pods Frameworks */ = {
			isa = PBXShellScriptBuildPhase;
			buildActionMask = 2147483647;
			files = (
			);
			inputPaths = (
				"${SRCROOT}/Pods/Target Support Files/Pods-HealthTodayApp/Pods-HealthTodayApp-frameworks.sh",
				"${BUILT_PRODUCTS_DIR}/Charts/Charts.framework",
				"${BUILT_PRODUCTS_DIR}/FSCalendar/FSCalendar.framework",
			);
			name = "[CP] Embed Pods Frameworks";
			outputPaths = (
				"${TARGET_BUILD_DIR}/${FRAMEWORKS_FOLDER_PATH}/Charts.framework",
				"${TARGET_BUILD_DIR}/${FRAMEWORKS_FOLDER_PATH}/FSCalendar.framework",
			);
			runOnlyForDeploymentPostprocessing = 0;
			shellPath = /bin/sh;
			shellScript = "\"${SRCROOT}/Pods/Target Support Files/Pods-HealthTodayApp/Pods-HealthTodayApp-frameworks.sh\"\n";
			showEnvVarsInLog = 0;
		};
/* End PBXShellScriptBuildPhase section */

/* Begin PBXSourcesBuildPhase section */
		6A2C61A122B331FF006B21AA /* Sources */ = {
			isa = PBXSourcesBuildPhase;
			buildActionMask = 2147483647;
			files = (
				6A82A44322B561D200056ADA /* CalendarVC.swift in Sources */,
				6A2C61AB22B331FF006B21AA /* HomeHealthPostVC.swift in Sources */,
				6A2C61A922B331FF006B21AA /* AppDelegate.swift in Sources */,
				6A82A42F22B421EC00056ADA /* CardView.swift in Sources */,
				6A82A43E22B42B4900056ADA /* NoteTableViewCell.swift in Sources */,
				6A82A43622B4286C00056ADA /* DataService.swift in Sources */,
				6A82A43322B4243300056ADA /* CoreDataStackClass.swift in Sources */,
				6A82A44122B42DF900056ADA /* SelectedSegmentPostType.swift in Sources */,
				6A2C61B122B331FF006B21AA /* HealthTodayApp.xcdatamodeld in Sources */,
				6A82A44522B562B400056ADA /* CreateNoteVC.swift in Sources */,
				6A82A43B22B42AC800056ADA /* ColorService.swift in Sources */,
			);
			runOnlyForDeploymentPostprocessing = 0;
		};
/* End PBXSourcesBuildPhase section */

/* Begin PBXVariantGroup section */
		6A2C61AC22B331FF006B21AA /* Main.storyboard */ = {
			isa = PBXVariantGroup;
			children = (
				6A2C61AD22B331FF006B21AA /* Base */,
			);
			name = Main.storyboard;
			sourceTree = "<group>";
		};
		6A2C61B422B33206006B21AA /* LaunchScreen.storyboard */ = {
			isa = PBXVariantGroup;
			children = (
				6A2C61B522B33206006B21AA /* Base */,
			);
			name = LaunchScreen.storyboard;
			sourceTree = "<group>";
		};
/* End PBXVariantGroup section */

/* Begin XCBuildConfiguration section */
		6A2C61B822B33206006B21AA /* Debug */ = {
			isa = XCBuildConfiguration;
			buildSettings = {
				ALWAYS_SEARCH_USER_PATHS = NO;
				CLANG_ANALYZER_NONNULL = YES;
				CLANG_ANALYZER_NUMBER_OBJECT_CONVERSION = YES_AGGRESSIVE;
				CLANG_CXX_LANGUAGE_STANDARD = "gnu++14";
				CLANG_CXX_LIBRARY = "libc++";
				CLANG_ENABLE_MODULES = YES;
				CLANG_ENABLE_OBJC_ARC = YES;
				CLANG_ENABLE_OBJC_WEAK = YES;
				CLANG_WARN_BLOCK_CAPTURE_AUTORELEASING = YES;
				CLANG_WARN_BOOL_CONVERSION = YES;
				CLANG_WARN_COMMA = YES;
				CLANG_WARN_CONSTANT_CONVERSION = YES;
				CLANG_WARN_DEPRECATED_OBJC_IMPLEMENTATIONS = YES;
				CLANG_WARN_DIRECT_OBJC_ISA_USAGE = YES_ERROR;
				CLANG_WARN_DOCUMENTATION_COMMENTS = YES;
				CLANG_WARN_EMPTY_BODY = YES;
				CLANG_WARN_ENUM_CONVERSION = YES;
				CLANG_WARN_INFINITE_RECURSION = YES;
				CLANG_WARN_INT_CONVERSION = YES;
				CLANG_WARN_NON_LITERAL_NULL_CONVERSION = YES;
				CLANG_WARN_OBJC_IMPLICIT_RETAIN_SELF = YES;
				CLANG_WARN_OBJC_LITERAL_CONVERSION = YES;
				CLANG_WARN_OBJC_ROOT_CLASS = YES_ERROR;
				CLANG_WARN_RANGE_LOOP_ANALYSIS = YES;
				CLANG_WARN_STRICT_PROTOTYPES = YES;
				CLANG_WARN_SUSPICIOUS_MOVE = YES;
				CLANG_WARN_UNGUARDED_AVAILABILITY = YES_AGGRESSIVE;
				CLANG_WARN_UNREACHABLE_CODE = YES;
				CLANG_WARN__DUPLICATE_METHOD_MATCH = YES;
				CODE_SIGN_IDENTITY = "iPhone Developer";
				COPY_PHASE_STRIP = NO;
				DEBUG_INFORMATION_FORMAT = dwarf;
				ENABLE_STRICT_OBJC_MSGSEND = YES;
				ENABLE_TESTABILITY = YES;
				GCC_C_LANGUAGE_STANDARD = gnu11;
				GCC_DYNAMIC_NO_PIC = NO;
				GCC_NO_COMMON_BLOCKS = YES;
				GCC_OPTIMIZATION_LEVEL = 0;
				GCC_PREPROCESSOR_DEFINITIONS = (
					"DEBUG=1",
					"$(inherited)",
				);
				GCC_WARN_64_TO_32_BIT_CONVERSION = YES;
				GCC_WARN_ABOUT_RETURN_TYPE = YES_ERROR;
				GCC_WARN_UNDECLARED_SELECTOR = YES;
				GCC_WARN_UNINITIALIZED_AUTOS = YES_AGGRESSIVE;
				GCC_WARN_UNUSED_FUNCTION = YES;
				GCC_WARN_UNUSED_VARIABLE = YES;
				IPHONEOS_DEPLOYMENT_TARGET = 12.2;
				MTL_ENABLE_DEBUG_INFO = INCLUDE_SOURCE;
				MTL_FAST_MATH = YES;
				ONLY_ACTIVE_ARCH = YES;
				SDKROOT = iphoneos;
				SWIFT_ACTIVE_COMPILATION_CONDITIONS = DEBUG;
				SWIFT_OPTIMIZATION_LEVEL = "-Onone";
			};
			name = Debug;
		};
		6A2C61B922B33206006B21AA /* Release */ = {
			isa = XCBuildConfiguration;
			buildSettings = {
				ALWAYS_SEARCH_USER_PATHS = NO;
				CLANG_ANALYZER_NONNULL = YES;
				CLANG_ANALYZER_NUMBER_OBJECT_CONVERSION = YES_AGGRESSIVE;
				CLANG_CXX_LANGUAGE_STANDARD = "gnu++14";
				CLANG_CXX_LIBRARY = "libc++";
				CLANG_ENABLE_MODULES = YES;
				CLANG_ENABLE_OBJC_ARC = YES;
				CLANG_ENABLE_OBJC_WEAK = YES;
				CLANG_WARN_BLOCK_CAPTURE_AUTORELEASING = YES;
				CLANG_WARN_BOOL_CONVERSION = YES;
				CLANG_WARN_COMMA = YES;
				CLANG_WARN_CONSTANT_CONVERSION = YES;
				CLANG_WARN_DEPRECATED_OBJC_IMPLEMENTATIONS = YES;
				CLANG_WARN_DIRECT_OBJC_ISA_USAGE = YES_ERROR;
				CLANG_WARN_DOCUMENTATION_COMMENTS = YES;
				CLANG_WARN_EMPTY_BODY = YES;
				CLANG_WARN_ENUM_CONVERSION = YES;
				CLANG_WARN_INFINITE_RECURSION = YES;
				CLANG_WARN_INT_CONVERSION = YES;
				CLANG_WARN_NON_LITERAL_NULL_CONVERSION = YES;
				CLANG_WARN_OBJC_IMPLICIT_RETAIN_SELF = YES;
				CLANG_WARN_OBJC_LITERAL_CONVERSION = YES;
				CLANG_WARN_OBJC_ROOT_CLASS = YES_ERROR;
				CLANG_WARN_RANGE_LOOP_ANALYSIS = YES;
				CLANG_WARN_STRICT_PROTOTYPES = YES;
				CLANG_WARN_SUSPICIOUS_MOVE = YES;
				CLANG_WARN_UNGUARDED_AVAILABILITY = YES_AGGRESSIVE;
				CLANG_WARN_UNREACHABLE_CODE = YES;
				CLANG_WARN__DUPLICATE_METHOD_MATCH = YES;
				CODE_SIGN_IDENTITY = "iPhone Developer";
				COPY_PHASE_STRIP = NO;
				DEBUG_INFORMATION_FORMAT = "dwarf-with-dsym";
				ENABLE_NS_ASSERTIONS = NO;
				ENABLE_STRICT_OBJC_MSGSEND = YES;
				GCC_C_LANGUAGE_STANDARD = gnu11;
				GCC_NO_COMMON_BLOCKS = YES;
				GCC_WARN_64_TO_32_BIT_CONVERSION = YES;
				GCC_WARN_ABOUT_RETURN_TYPE = YES_ERROR;
				GCC_WARN_UNDECLARED_SELECTOR = YES;
				GCC_WARN_UNINITIALIZED_AUTOS = YES_AGGRESSIVE;
				GCC_WARN_UNUSED_FUNCTION = YES;
				GCC_WARN_UNUSED_VARIABLE = YES;
				IPHONEOS_DEPLOYMENT_TARGET = 12.2;
				MTL_ENABLE_DEBUG_INFO = NO;
				MTL_FAST_MATH = YES;
				SDKROOT = iphoneos;
				SWIFT_COMPILATION_MODE = wholemodule;
				SWIFT_OPTIMIZATION_LEVEL = "-O";
				VALIDATE_PRODUCT = YES;
			};
			name = Release;
		};
		6A2C61BB22B33206006B21AA /* Debug */ = {
			isa = XCBuildConfiguration;
			baseConfigurationReference = 37E94AFCC07D22D30746A83B /* Pods-HealthTodayApp.debug.xcconfig */;
			buildSettings = {
				ASSETCATALOG_COMPILER_APPICON_NAME = AppIcon;
				CODE_SIGN_STYLE = Automatic;
				DEVELOPMENT_TEAM = 4XLSSR63Y5;
				INFOPLIST_FILE = HealthTodayApp/Info.plist;
				LD_RUNPATH_SEARCH_PATHS = (
					"$(inherited)",
					"@executable_path/Frameworks",
				);
				PRODUCT_BUNDLE_IDENTIFIER = georgi.malkhasyan.HealthyPost.HealthTodayApp;
				PRODUCT_NAME = "$(TARGET_NAME)";
				SWIFT_VERSION = 5.0;
				TARGETED_DEVICE_FAMILY = "1,2";
			};
			name = Debug;
		};
		6A2C61BC22B33206006B21AA /* Release */ = {
			isa = XCBuildConfiguration;
			baseConfigurationReference = 1086D036800A7257034C0BC3 /* Pods-HealthTodayApp.release.xcconfig */;
			buildSettings = {
				ASSETCATALOG_COMPILER_APPICON_NAME = AppIcon;
				CODE_SIGN_STYLE = Automatic;
				DEVELOPMENT_TEAM = 4XLSSR63Y5;
				INFOPLIST_FILE = HealthTodayApp/Info.plist;
				LD_RUNPATH_SEARCH_PATHS = (
					"$(inherited)",
					"@executable_path/Frameworks",
				);
				PRODUCT_BUNDLE_IDENTIFIER = georgi.malkhasyan.HealthyPost.HealthTodayApp;
				PRODUCT_NAME = "$(TARGET_NAME)";
				SWIFT_VERSION = 5.0;
				TARGETED_DEVICE_FAMILY = "1,2";
			};
			name = Release;
		};
/* End XCBuildConfiguration section */

/* Begin XCConfigurationList section */
		6A2C61A022B331FF006B21AA /* Build configuration list for PBXProject "HealthTodayApp" */ = {
			isa = XCConfigurationList;
			buildConfigurations = (
				6A2C61B822B33206006B21AA /* Debug */,
				6A2C61B922B33206006B21AA /* Release */,
			);
			defaultConfigurationIsVisible = 0;
			defaultConfigurationName = Release;
		};
		6A2C61BA22B33206006B21AA /* Build configuration list for PBXNativeTarget "HealthTodayApp" */ = {
			isa = XCConfigurationList;
			buildConfigurations = (
				6A2C61BB22B33206006B21AA /* Debug */,
				6A2C61BC22B33206006B21AA /* Release */,
			);
			defaultConfigurationIsVisible = 0;
			defaultConfigurationName = Release;
		};
/* End XCConfigurationList section */

/* Begin XCVersionGroup section */
		6A2C61AF22B331FF006B21AA /* HealthTodayApp.xcdatamodeld */ = {
			isa = XCVersionGroup;
			children = (
				6A2C61B022B331FF006B21AA /* HealthTodayApp.xcdatamodel */,
			);
			currentVersion = 6A2C61B022B331FF006B21AA /* HealthTodayApp.xcdatamodel */;
			path = HealthTodayApp.xcdatamodeld;
			sourceTree = "<group>";
			versionGroupType = wrapper.xcdatamodel;
		};
/* End XCVersionGroup section */
	};
	rootObject = 6A2C619D22B331FF006B21AA /* Project object */;
}
